
Microsoft Visual Studio Solution File, Format Version 12.00
# Visual Studio Version 16
VisualStudioVersion = 16.0.29418.71
MinimumVisualStudioVersion = 10.0.40219.1
Project("{888888A0-9F3D-457C-B088-3A5042F75D52}") = "AdventofCode2020", "AdventofCode2020.pyproj", "{53AF5270-CD14-4121-AD48-EFD38CA59D2C}"
EndProject
Global
	GlobalSection(SolutionConfigurationPlatforms) = preSolution
		Debug|Any CPU = Debug|Any CPU
		Release|Any CPU = Release|Any CPU
	EndGlobalSection
	GlobalSection(ProjectConfigurationPlatforms) = postSolution
		{53AF5270-CD14-4121-AD48-EFD38CA59D2C}.Debug|Any CPU.ActiveCfg = Debug|Any CPU
		{53AF5270-CD14-4121-AD48-EFD38CA59D2C}.Release|Any CPU.ActiveCfg = Release|Any CPU
	EndGlobalSection
	GlobalSection(SolutionProperties) = preSolution
		HideSolutionNode = FALSE
	EndGlobalSection
	GlobalSection(ExtensibilityGlobals) = postSolution
		SolutionGuid = {F4F4B8CA-130A-411E-8602-AC2C5B8373B7}
	EndGlobalSection
EndGlobal
